Microsoft Visual Studio Solution File, Format Version 12.00
# Visual Studio Version 17
VisualStudioVersion = 17.5.2.0
MinimumVisualStudioVersion = 10.0.40219.1
Project("{FAE04EC0-301F-11D3-BF4B-00C04F79EFBC}") = "AgentStack", "AgentStack.csproj", "{52E29F50-11AE-4204-3851-41DA10CC9073}"
EndProject
Global
	GlobalSection(SolutionConfigurationPlatforms) = preSolution
		Debug|Any CPU = Debug|Any CPU
		Release|Any CPU = Release|Any CPU
	EndGlobalSection
	GlobalSection(ProjectConfigurationPlatforms) = postSolution
		{52E29F50-11AE-4204-3851-41DA10CC9073}.Debug|Any CPU.ActiveCfg = Debug|Any CPU
		{52E29F50-11AE-4204-3851-41DA10CC9073}.Debug|Any CPU.Build.0 = Debug|Any CPU
		{52E29F50-11AE-4204-3851-41DA10CC9073}.Release|Any CPU.ActiveCfg = Release|Any CPU
		{52E29F50-11AE-4204-3851-41DA10CC9073}.Release|Any CPU.Build.0 = Release|Any CPU
	EndGlobalSection
	GlobalSection(SolutionProperties) = preSolution
		HideSolutionNode = FALSE
	EndGlobalSection
	GlobalSection(ExtensibilityGlobals) = postSolution
		SolutionGuid = {D9909E33-4BFD-4ECB-B268-F5BB50850D53}
	EndGlobalSection
EndGlobal
