
Microsoft Visual Studio Solution File, Format Version 12.00
# Visual Studio Version 17
VisualStudioVersion = 17.0.31423.177
MinimumVisualStudioVersion = 10.0.40219.1
Project("{9A19103F-16F7-4668-BE54-9A1E7A4F7556}") = "CodeFragments", "CodeFragments\CodeFragments.csproj", "{AA533818-83B0-4B5E-BAF4-36D2A239916E}"
EndProject
Project("{9A19103F-16F7-4668-BE54-9A1E7A4F7556}") = "Generators", "Generators\Generators.csproj", "{5D813AB0-0A63-4299-A6AB-FBEC777EA4FC}"
EndProject
Project("{9A19103F-16F7-4668-BE54-9A1E7A4F7556}") = "DaprCounter", "Dapr\DaprCounter\DaprCounter.csproj", "{5B489656-144B-4C26-80CA-DE4A6170432C}"
EndProject
Project("{9A19103F-16F7-4668-BE54-9A1E7A4F7556}") = "DaprBackEnd", "Dapr\DaprBackEnd\DaprBackEnd.csproj", "{BDC4EAA2-A045-413B-8F6F-4DED4A63D4A7}"
EndProject
Project("{2150E333-8FDC-42A3-9474-1A3956D46DE8}") = "Dapr", "Dapr", "{69944263-AF01-460F-B70B-6815DC09F542}"
EndProject
Project("{E53339B2-1760-4266-BCC7-CA923CBCF16C}") = "docker-compose", "docker-compose.dcproj", "{E6477054-221A-48BD-B813-C139DEB959A1}"
EndProject
Project("{9A19103F-16F7-4668-BE54-9A1E7A4F7556}") = "DaprFrontEnd", "Dapr\DaprFrontEnd\DaprFrontEnd.csproj", "{9E2C2324-25B9-42D8-977A-F22EEDD86142}"
EndProject
Project("{9A19103F-16F7-4668-BE54-9A1E7A4F7556}") = "CryptoDome", "CryptoDome\CryptoDome.csproj", "{EE466A2F-F670-4662-87E2-8EC2C488A02A}"
EndProject
Project("{2150E333-8FDC-42A3-9474-1A3956D46DE8}") = "Mastercard", "Mastercard", "{2EC22CB7-FE81-4B68-9CE7-FE1DF10B332F}"
EndProject
Project("{9A19103F-16F7-4668-BE54-9A1E7A4F7556}") = "Mastercard", "Mastercard\Mastercard\Mastercard.csproj", "{C6744D1D-BC1D-41B9-9B3E-88E828099CCE}"
EndProject
Project("{9A19103F-16F7-4668-BE54-9A1E7A4F7556}") = "EventSourceDemo", "Tracing\EventSourceDemo\EventSourceDemo.csproj", "{5FC5916B-06B0-40B6-8B1C-9F088F60354A}"
EndProject
Project("{2150E333-8FDC-42A3-9474-1A3956D46DE8}") = "Tracing", "Tracing", "{08DA6A08-003A-449C-9099-F7BEA47861C0}"
EndProject
Project("{9A19103F-16F7-4668-BE54-9A1E7A4F7556}") = "EventClient", "Tracing\EventClient\EventClient.csproj", "{DFF792A2-6E3A-455C-9D0E-B3B9DD65EC00}"
EndProject
Project("{2150E333-8FDC-42A3-9474-1A3956D46DE8}") = "ApiGateway", "ApiGateway", "{18BEC41E-16CA-401F-8FD3-0286BCCDAC3E}"
EndProject
Project("{9A19103F-16F7-4668-BE54-9A1E7A4F7556}") = "KongDemo", "ApiGateway\KongDemo\KongDemo.csproj", "{3FD94743-6931-44CE-B569-41007078AB65}"
EndProject
Project("{2150E333-8FDC-42A3-9474-1A3956D46DE8}") = "Quic", "Quic", "{B45C379A-34CD-4260-8811-E71BD6613C53}"
EndProject
Project("{9A19103F-16F7-4668-BE54-9A1E7A4F7556}") = "QuicListener", "Quic\QuicListener\QuicListener.csproj", "{0E469342-957F-4000-8346-6530D6B237E6}"
EndProject
Project("{9A19103F-16F7-4668-BE54-9A1E7A4F7556}") = "QuicConnectionDemo", "Quic\QuicConnectionDemo\QuicConnectionDemo.csproj", "{EC4F225F-D7B4-424E-8D1D-6114AAE1212E}"
EndProject
Project("{9A19103F-16F7-4668-BE54-9A1E7A4F7556}") = "Apolledemo", "Apolledemo\Apolledemo.csproj", "{31EEEBB8-5A2E-4651-9E4D-D34F46724984}"
EndProject
Project("{2150E333-8FDC-42A3-9474-1A3956D46DE8}") = "Actordemo", "Actordemo", "{C096AEEE-D9D8-440A-8043-4068F6BCF98D}"
EndProject
Project("{9A19103F-16F7-4668-BE54-9A1E7A4F7556}") = "DataflowActor", "Actordemo\DataflowActor\DataflowActor.csproj", "{459E7719-F027-4E46-8EEF-9223988963F4}"
EndProject
Project("{9A19103F-16F7-4668-BE54-9A1E7A4F7556}") = "QueueActor", "Actordemo\QueueActor\QueueActor.csproj", "{FE9E40F4-5F99-4B2B-88D8-7C911B5068D7}"
EndProject
Project("{9A19103F-16F7-4668-BE54-9A1E7A4F7556}") = "ActixActor", "Actordemo\ActixActor\ActixActor.csproj", "{963E95B8-2A97-4F13-AD12-6DCEBD1D55D4}"
EndProject
Project("{2150E333-8FDC-42A3-9474-1A3956D46DE8}") = "Algorithm", "Algorithm", "{8EC8B2F8-620D-42F8-B216-EEA53B360C97}"
EndProject
Project("{9A19103F-16F7-4668-BE54-9A1E7A4F7556}") = "DailyCodingProblem", "Algorithm\DailyCodingProblem\DailyCodingProblem.csproj", "{2A4A6C24-01BC-4583-8455-7DC7906E6BA2}"
EndProject
Project("{9A19103F-16F7-4668-BE54-9A1E7A4F7556}") = "Other", "Algorithm\Other\Other.csproj", "{2621C99C-DEB8-4935-A456-0084C850828C}"
EndProject
Project("{9A19103F-16F7-4668-BE54-9A1E7A4F7556}") = "NeuralNetwork", "Algorithm\NeuralNetwork\NeuralNetwork.csproj", "{5006EAEC-346E-4906-BA27-1384B9272BB3}"
EndProject
Project("{9A19103F-16F7-4668-BE54-9A1E7A4F7556}") = "BrowserDemo", "BrowserDemo\BrowserDemo.csproj", "{A393A260-9A79-4D0D-BE4D-06D181D9ACF9}"
EndProject
Project("{9A19103F-16F7-4668-BE54-9A1E7A4F7556}") = "Labuladong", "Algorithm\Labuladong\Labuladong.csproj", "{BFD0C03D-A142-468C-841A-FCB87F93FDFF}"
EndProject
Project("{FAE04EC0-301F-11D3-BF4B-00C04F79EFBC}") = "Leetcode", "Algorithm\Leetcode\Leetcode.csproj", "{DE8F09DB-C36F-4DC3-B28B-6B8996965307}"
EndProject
Project("{2150E333-8FDC-42A3-9474-1A3956D46DE8}") = "MassTransitProject", "MassTransitProject", "{BD416F91-2C2F-4E40-9359-F8C3D01546C1}"
EndProject
Project("{9A19103F-16F7-4668-BE54-9A1E7A4F7556}") = "Sender", "MessageQueue\MassTransitProject\Sender\Sender.csproj", "{9F7A3E32-BBD1-4426-B057-95C3DAA2857A}"
EndProject
Project("{9A19103F-16F7-4668-BE54-9A1E7A4F7556}") = "Receiver", "MessageQueue\MassTransitProject\Receiver\Receiver.csproj", "{65EAD950-B4FB-432F-BB8B-3B9F97700553}"
EndProject
Project("{9A19103F-16F7-4668-BE54-9A1E7A4F7556}") = "Contracts", "MessageQueue\MassTransitProject\Contracts\Contracts.csproj", "{F9492D64-3C56-4678-BC63-2A1B6FA74257}"
EndProject
Project("{2150E333-8FDC-42A3-9474-1A3956D46DE8}") = "MessageQueue", "MessageQueue", "{E32B89A3-EC33-4FE2-99E9-B4BB42A3E352}"
EndProject
Project("{2150E333-8FDC-42A3-9474-1A3956D46DE8}") = "AzureServicebus", "AzureServicebus", "{BE90355D-230F-408D-8810-EF184CBA4F86}"
EndProject
Project("{9A19103F-16F7-4668-BE54-9A1E7A4F7556}") = "EventConsumer", "MessageQueue\AzureServicebus\EventConsumer\EventConsumer.csproj", "{B4858A93-B25B-43CF-9C32-AEA110F371BF}"
EndProject
Project("{9A19103F-16F7-4668-BE54-9A1E7A4F7556}") = "EventConsumer.Azure.Queue", "MessageQueue\AzureServicebus\EventConsumer.Azure.Queue\EventConsumer.Azure.Queue.csproj", "{F7438F1B-9043-41DA-8BFB-3FEB1F5F2937}"
EndProject
Project("{9A19103F-16F7-4668-BE54-9A1E7A4F7556}") = "Consumer", "MessageQueue\AzureServicebus\Consumer\Consumer.csproj", "{7063E766-6F73-412A-B7AC-D6DB8A9EE27E}"
EndProject
Project("{9A19103F-16F7-4668-BE54-9A1E7A4F7556}") = "EventConsumer.Azure.Topic", "MessageQueue\AzureServicebus\EventConsumer.Azure.Topic\EventConsumer.Azure.Topic.csproj", "{36C1E5DC-592F-47F0-B98C-2F65EA2B7393}"
EndProject
Project("{9A19103F-16F7-4668-BE54-9A1E7A4F7556}") = "EventConsumer.Azure.Extension", "MessageQueue\AzureServicebus\EventConsumer.Azure.Extension\EventConsumer.Azure.Extension.csproj", "{FF07A3DF-782D-425F-9055-FBC9836CE71F}"
EndProject
Project("{2150E333-8FDC-42A3-9474-1A3956D46DE8}") = "ServiceDiscovery", "ServiceDiscovery", "{F45DC3FA-27B1-4534-B8CA-E84EDD3B134B}"
EndProject
Project("{9A19103F-16F7-4668-BE54-9A1E7A4F7556}") = "ConsulDemo", "ServiceDiscovery\ConsulDemo\ConsulDemo.csproj", "{371A56DA-FE04-4A91-9D49-1C65772A3E87}"
EndProject
Project("{2150E333-8FDC-42A3-9474-1A3956D46DE8}") = "AspnetcoreEx", "AspnetcoreEx", "{D607523F-DBAF-4545-88C3-706748EF7B93}"
EndProject
Project("{9A19103F-16F7-4668-BE54-9A1E7A4F7556}") = "ResponseBodyFeature", "AspnetcoreEx\ResponseBodyFeature\ResponseBodyFeature.csproj", "{8D294489-E874-40D7-AF18-CE6AA94FE3E9}"
EndProject
Project("{2150E333-8FDC-42A3-9474-1A3956D46DE8}") = "Identity", "Identity", "{209660A2-2BD1-4716-8B33-AF9384341593}"
EndProject
Project("{9A19103F-16F7-4668-BE54-9A1E7A4F7556}") = "IdentityCenter", "Identity\IdentityCenter\IdentityCenter.csproj", "{3D437D1E-01E8-4D24-8D96-1F91D0495D48}"
EndProject
Project("{9A19103F-16F7-4668-BE54-9A1E7A4F7556}") = "JwtApi", "Identity\JwtApi\JwtApi.csproj", "{987D9E60-A818-4D16-81BF-7489F873A39F}"
EndProject
Project("{9A19103F-16F7-4668-BE54-9A1E7A4F7556}") = "Spa", "Identity\Spa\Spa.csproj", "{C7AC2F92-D8DE-47A2-8AE6-75539777CF11}"
EndProject
Project("{9A19103F-16F7-4668-BE54-9A1E7A4F7556}") = "Client", "Identity\Client\Client.csproj", "{3E732C3E-A75A-4F06-8908-3367578F7D94}"
EndProject
Project("{9A19103F-16F7-4668-BE54-9A1E7A4F7556}") = "OidcCodeApi", "Identity\OidcCodeApi\OidcCodeApi.csproj", "{056EB1F8-82BF-4E9A-AAD5-67E0F826E9EC}"
EndProject
Project("{9A19103F-16F7-4668-BE54-9A1E7A4F7556}") = "OidcImplicitApi", "Identity\OidcImplicitApi\OidcImplicitApi.csproj", "{EEBA32C9-8B6C-4723-8BBE-A5BCFD5D1400}"
EndProject
Project("{9A19103F-16F7-4668-BE54-9A1E7A4F7556}") = "SpaWithBackend", "Identity\SpaWithBackend\SpaWithBackend.csproj", "{0635B5C2-007C-4B5E-B096-040A3C060CB0}"
EndProject
Project("{9A19103F-16F7-4668-BE54-9A1E7A4F7556}") = "JWTSigningAlgorithms", "Identity\JWTSigningAlgorithms\JWTSigningAlgorithms.csproj", "{D9875924-6702-4EA1-8CDD-76BE7A9AD724}"
EndProject
Project("{2150E333-8FDC-42A3-9474-1A3956D46DE8}") = "RabbitMQ", "RabbitMQ", "{D91E1C25-482B-4EC7-B382-C925771A2A05}"
EndProject
Project("{9A19103F-16F7-4668-BE54-9A1E7A4F7556}") = "DeadDelayLetter", "MessageQueue\RabbitMQ\DeadDelayLetter\DeadDelayLetter.csproj", "{CB7058CC-C23A-4C1D-B318-4209C3D35CF0}"
EndProject
Project("{9A19103F-16F7-4668-BE54-9A1E7A4F7556}") = "IdentityApiGateway", "Identity\IdentityApiGateway\IdentityApiGateway.csproj", "{C3257E74-3990-4D69-A388-99937F52089A}"
EndProject
Project("{2150E333-8FDC-42A3-9474-1A3956D46DE8}") = "Solution Items", "Solution Items", "{535440C7-1D2D-47BE-81A4-C53B3FA26EC1}"
	ProjectSection(SolutionItems) = preProject
		.editorconfig = .editorconfig
	EndProjectSection
EndProject
Global
	GlobalSection(SolutionConfigurationPlatforms) = preSolution
		Debug|Any CPU = Debug|Any CPU
		Release|Any CPU = Release|Any CPU
	EndGlobalSection
	GlobalSection(ProjectConfigurationPlatforms) = postSolution
		{AA533818-83B0-4B5E-BAF4-36D2A239916E}.Debug|Any CPU.ActiveCfg = Debug|Any CPU
		{AA533818-83B0-4B5E-BAF4-36D2A239916E}.Debug|Any CPU.Build.0 = Debug|Any CPU
		{AA533818-83B0-4B5E-BAF4-36D2A239916E}.Release|Any CPU.ActiveCfg = Release|Any CPU
		{AA533818-83B0-4B5E-BAF4-36D2A239916E}.Release|Any CPU.Build.0 = Release|Any CPU
		{5D813AB0-0A63-4299-A6AB-FBEC777EA4FC}.Debug|Any CPU.ActiveCfg = Debug|Any CPU
		{5D813AB0-0A63-4299-A6AB-FBEC777EA4FC}.Debug|Any CPU.Build.0 = Debug|Any CPU
		{5D813AB0-0A63-4299-A6AB-FBEC777EA4FC}.Release|Any CPU.ActiveCfg = Release|Any CPU
		{5D813AB0-0A63-4299-A6AB-FBEC777EA4FC}.Release|Any CPU.Build.0 = Release|Any CPU
		{5B489656-144B-4C26-80CA-DE4A6170432C}.Debug|Any CPU.ActiveCfg = Debug|Any CPU
		{5B489656-144B-4C26-80CA-DE4A6170432C}.Debug|Any CPU.Build.0 = Debug|Any CPU
		{5B489656-144B-4C26-80CA-DE4A6170432C}.Release|Any CPU.ActiveCfg = Release|Any CPU
		{5B489656-144B-4C26-80CA-DE4A6170432C}.Release|Any CPU.Build.0 = Release|Any CPU
		{BDC4EAA2-A045-413B-8F6F-4DED4A63D4A7}.Debug|Any CPU.ActiveCfg = Debug|Any CPU
		{BDC4EAA2-A045-413B-8F6F-4DED4A63D4A7}.Debug|Any CPU.Build.0 = Debug|Any CPU
		{BDC4EAA2-A045-413B-8F6F-4DED4A63D4A7}.Release|Any CPU.ActiveCfg = Release|Any CPU
		{BDC4EAA2-A045-413B-8F6F-4DED4A63D4A7}.Release|Any CPU.Build.0 = Release|Any CPU
		{E6477054-221A-48BD-B813-C139DEB959A1}.Debug|Any CPU.ActiveCfg = Debug|Any CPU
		{E6477054-221A-48BD-B813-C139DEB959A1}.Debug|Any CPU.Build.0 = Debug|Any CPU
		{E6477054-221A-48BD-B813-C139DEB959A1}.Release|Any CPU.ActiveCfg = Release|Any CPU
		{E6477054-221A-48BD-B813-C139DEB959A1}.Release|Any CPU.Build.0 = Release|Any CPU
		{9E2C2324-25B9-42D8-977A-F22EEDD86142}.Debug|Any CPU.ActiveCfg = Debug|Any CPU
		{9E2C2324-25B9-42D8-977A-F22EEDD86142}.Debug|Any CPU.Build.0 = Debug|Any CPU
		{9E2C2324-25B9-42D8-977A-F22EEDD86142}.Release|Any CPU.ActiveCfg = Release|Any CPU
		{9E2C2324-25B9-42D8-977A-F22EEDD86142}.Release|Any CPU.Build.0 = Release|Any CPU
		{EE466A2F-F670-4662-87E2-8EC2C488A02A}.Debug|Any CPU.ActiveCfg = Debug|Any CPU
		{EE466A2F-F670-4662-87E2-8EC2C488A02A}.Debug|Any CPU.Build.0 = Debug|Any CPU
		{EE466A2F-F670-4662-87E2-8EC2C488A02A}.Release|Any CPU.ActiveCfg = Release|Any CPU
		{EE466A2F-F670-4662-87E2-8EC2C488A02A}.Release|Any CPU.Build.0 = Release|Any CPU
		{C6744D1D-BC1D-41B9-9B3E-88E828099CCE}.Debug|Any CPU.ActiveCfg = Debug|Any CPU
		{C6744D1D-BC1D-41B9-9B3E-88E828099CCE}.Debug|Any CPU.Build.0 = Debug|Any CPU
		{C6744D1D-BC1D-41B9-9B3E-88E828099CCE}.Release|Any CPU.ActiveCfg = Release|Any CPU
		{C6744D1D-BC1D-41B9-9B3E-88E828099CCE}.Release|Any CPU.Build.0 = Release|Any CPU
		{5FC5916B-06B0-40B6-8B1C-9F088F60354A}.Debug|Any CPU.ActiveCfg = Debug|Any CPU
		{5FC5916B-06B0-40B6-8B1C-9F088F60354A}.Debug|Any CPU.Build.0 = Debug|Any CPU
		{5FC5916B-06B0-40B6-8B1C-9F088F60354A}.Release|Any CPU.ActiveCfg = Release|Any CPU
		{5FC5916B-06B0-40B6-8B1C-9F088F60354A}.Release|Any CPU.Build.0 = Release|Any CPU
		{DFF792A2-6E3A-455C-9D0E-B3B9DD65EC00}.Debug|Any CPU.ActiveCfg = Debug|Any CPU
		{DFF792A2-6E3A-455C-9D0E-B3B9DD65EC00}.Debug|Any CPU.Build.0 = Debug|Any CPU
		{DFF792A2-6E3A-455C-9D0E-B3B9DD65EC00}.Release|Any CPU.ActiveCfg = Release|Any CPU
		{DFF792A2-6E3A-455C-9D0E-B3B9DD65EC00}.Release|Any CPU.Build.0 = Release|Any CPU
		{3FD94743-6931-44CE-B569-41007078AB65}.Debug|Any CPU.ActiveCfg = Debug|Any CPU
		{3FD94743-6931-44CE-B569-41007078AB65}.Debug|Any CPU.Build.0 = Debug|Any CPU
		{3FD94743-6931-44CE-B569-41007078AB65}.Release|Any CPU.ActiveCfg = Release|Any CPU
		{3FD94743-6931-44CE-B569-41007078AB65}.Release|Any CPU.Build.0 = Release|Any CPU
		{0E469342-957F-4000-8346-6530D6B237E6}.Debug|Any CPU.ActiveCfg = Debug|Any CPU
		{0E469342-957F-4000-8346-6530D6B237E6}.Debug|Any CPU.Build.0 = Debug|Any CPU
		{0E469342-957F-4000-8346-6530D6B237E6}.Release|Any CPU.ActiveCfg = Release|Any CPU
		{0E469342-957F-4000-8346-6530D6B237E6}.Release|Any CPU.Build.0 = Release|Any CPU
		{EC4F225F-D7B4-424E-8D1D-6114AAE1212E}.Debug|Any CPU.ActiveCfg = Debug|Any CPU
		{EC4F225F-D7B4-424E-8D1D-6114AAE1212E}.Debug|Any CPU.Build.0 = Debug|Any CPU
		{EC4F225F-D7B4-424E-8D1D-6114AAE1212E}.Release|Any CPU.ActiveCfg = Release|Any CPU
		{EC4F225F-D7B4-424E-8D1D-6114AAE1212E}.Release|Any CPU.Build.0 = Release|Any CPU
		{31EEEBB8-5A2E-4651-9E4D-D34F46724984}.Debug|Any CPU.ActiveCfg = Debug|Any CPU
		{31EEEBB8-5A2E-4651-9E4D-D34F46724984}.Debug|Any CPU.Build.0 = Debug|Any CPU
		{31EEEBB8-5A2E-4651-9E4D-D34F46724984}.Release|Any CPU.ActiveCfg = Release|Any CPU
		{31EEEBB8-5A2E-4651-9E4D-D34F46724984}.Release|Any CPU.Build.0 = Release|Any CPU
		{459E7719-F027-4E46-8EEF-9223988963F4}.Debug|Any CPU.ActiveCfg = Debug|Any CPU
		{459E7719-F027-4E46-8EEF-9223988963F4}.Debug|Any CPU.Build.0 = Debug|Any CPU
		{459E7719-F027-4E46-8EEF-9223988963F4}.Release|Any CPU.ActiveCfg = Release|Any CPU
		{459E7719-F027-4E46-8EEF-9223988963F4}.Release|Any CPU.Build.0 = Release|Any CPU
		{FE9E40F4-5F99-4B2B-88D8-7C911B5068D7}.Debug|Any CPU.ActiveCfg = Debug|Any CPU
		{FE9E40F4-5F99-4B2B-88D8-7C911B5068D7}.Debug|Any CPU.Build.0 = Debug|Any CPU
		{FE9E40F4-5F99-4B2B-88D8-7C911B5068D7}.Release|Any CPU.ActiveCfg = Release|Any CPU
		{FE9E40F4-5F99-4B2B-88D8-7C911B5068D7}.Release|Any CPU.Build.0 = Release|Any CPU
		{963E95B8-2A97-4F13-AD12-6DCEBD1D55D4}.Debug|Any CPU.ActiveCfg = Debug|Any CPU
		{963E95B8-2A97-4F13-AD12-6DCEBD1D55D4}.Debug|Any CPU.Build.0 = Debug|Any CPU
		{963E95B8-2A97-4F13-AD12-6DCEBD1D55D4}.Release|Any CPU.ActiveCfg = Release|Any CPU
		{963E95B8-2A97-4F13-AD12-6DCEBD1D55D4}.Release|Any CPU.Build.0 = Release|Any CPU
		{2A4A6C24-01BC-4583-8455-7DC7906E6BA2}.Debug|Any CPU.ActiveCfg = Debug|Any CPU
		{2A4A6C24-01BC-4583-8455-7DC7906E6BA2}.Debug|Any CPU.Build.0 = Debug|Any CPU
		{2A4A6C24-01BC-4583-8455-7DC7906E6BA2}.Release|Any CPU.ActiveCfg = Release|Any CPU
		{2A4A6C24-01BC-4583-8455-7DC7906E6BA2}.Release|Any CPU.Build.0 = Release|Any CPU
		{2621C99C-DEB8-4935-A456-0084C850828C}.Debug|Any CPU.ActiveCfg = Debug|Any CPU
		{2621C99C-DEB8-4935-A456-0084C850828C}.Debug|Any CPU.Build.0 = Debug|Any CPU
		{2621C99C-DEB8-4935-A456-0084C850828C}.Release|Any CPU.ActiveCfg = Release|Any CPU
		{2621C99C-DEB8-4935-A456-0084C850828C}.Release|Any CPU.Build.0 = Release|Any CPU
		{5006EAEC-346E-4906-BA27-1384B9272BB3}.Debug|Any CPU.ActiveCfg = Debug|Any CPU
		{5006EAEC-346E-4906-BA27-1384B9272BB3}.Debug|Any CPU.Build.0 = Debug|Any CPU
		{5006EAEC-346E-4906-BA27-1384B9272BB3}.Release|Any CPU.ActiveCfg = Release|Any CPU
		{5006EAEC-346E-4906-BA27-1384B9272BB3}.Release|Any CPU.Build.0 = Release|Any CPU
		{A393A260-9A79-4D0D-BE4D-06D181D9ACF9}.Debug|Any CPU.ActiveCfg = Debug|Any CPU
		{A393A260-9A79-4D0D-BE4D-06D181D9ACF9}.Debug|Any CPU.Build.0 = Debug|Any CPU
		{A393A260-9A79-4D0D-BE4D-06D181D9ACF9}.Release|Any CPU.ActiveCfg = Release|Any CPU
		{A393A260-9A79-4D0D-BE4D-06D181D9ACF9}.Release|Any CPU.Build.0 = Release|Any CPU
		{BFD0C03D-A142-468C-841A-FCB87F93FDFF}.Debug|Any CPU.ActiveCfg = Debug|Any CPU
		{BFD0C03D-A142-468C-841A-FCB87F93FDFF}.Debug|Any CPU.Build.0 = Debug|Any CPU
		{BFD0C03D-A142-468C-841A-FCB87F93FDFF}.Release|Any CPU.ActiveCfg = Release|Any CPU
		{BFD0C03D-A142-468C-841A-FCB87F93FDFF}.Release|Any CPU.Build.0 = Release|Any CPU
		{DE8F09DB-C36F-4DC3-B28B-6B8996965307}.Debug|Any CPU.ActiveCfg = Debug|Any CPU
		{DE8F09DB-C36F-4DC3-B28B-6B8996965307}.Debug|Any CPU.Build.0 = Debug|Any CPU
		{DE8F09DB-C36F-4DC3-B28B-6B8996965307}.Release|Any CPU.ActiveCfg = Release|Any CPU
		{DE8F09DB-C36F-4DC3-B28B-6B8996965307}.Release|Any CPU.Build.0 = Release|Any CPU
		{9F7A3E32-BBD1-4426-B057-95C3DAA2857A}.Debug|Any CPU.ActiveCfg = Debug|Any CPU
		{9F7A3E32-BBD1-4426-B057-95C3DAA2857A}.Debug|Any CPU.Build.0 = Debug|Any CPU
		{9F7A3E32-BBD1-4426-B057-95C3DAA2857A}.Release|Any CPU.ActiveCfg = Release|Any CPU
		{9F7A3E32-BBD1-4426-B057-95C3DAA2857A}.Release|Any CPU.Build.0 = Release|Any CPU
		{65EAD950-B4FB-432F-BB8B-3B9F97700553}.Debug|Any CPU.ActiveCfg = Debug|Any CPU
		{65EAD950-B4FB-432F-BB8B-3B9F97700553}.Debug|Any CPU.Build.0 = Debug|Any CPU
		{65EAD950-B4FB-432F-BB8B-3B9F97700553}.Release|Any CPU.ActiveCfg = Release|Any CPU
		{65EAD950-B4FB-432F-BB8B-3B9F97700553}.Release|Any CPU.Build.0 = Release|Any CPU
		{F9492D64-3C56-4678-BC63-2A1B6FA74257}.Debug|Any CPU.ActiveCfg = Debug|Any CPU
		{F9492D64-3C56-4678-BC63-2A1B6FA74257}.Debug|Any CPU.Build.0 = Debug|Any CPU
		{F9492D64-3C56-4678-BC63-2A1B6FA74257}.Release|Any CPU.ActiveCfg = Release|Any CPU
		{F9492D64-3C56-4678-BC63-2A1B6FA74257}.Release|Any CPU.Build.0 = Release|Any CPU
		{B4858A93-B25B-43CF-9C32-AEA110F371BF}.Debug|Any CPU.ActiveCfg = Debug|Any CPU
		{B4858A93-B25B-43CF-9C32-AEA110F371BF}.Debug|Any CPU.Build.0 = Debug|Any CPU
		{B4858A93-B25B-43CF-9C32-AEA110F371BF}.Release|Any CPU.ActiveCfg = Release|Any CPU
		{B4858A93-B25B-43CF-9C32-AEA110F371BF}.Release|Any CPU.Build.0 = Release|Any CPU
		{F7438F1B-9043-41DA-8BFB-3FEB1F5F2937}.Debug|Any CPU.ActiveCfg = Debug|Any CPU
		{F7438F1B-9043-41DA-8BFB-3FEB1F5F2937}.Debug|Any CPU.Build.0 = Debug|Any CPU
		{F7438F1B-9043-41DA-8BFB-3FEB1F5F2937}.Release|Any CPU.ActiveCfg = Release|Any CPU
		{F7438F1B-9043-41DA-8BFB-3FEB1F5F2937}.Release|Any CPU.Build.0 = Release|Any CPU
		{7063E766-6F73-412A-B7AC-D6DB8A9EE27E}.Debug|Any CPU.ActiveCfg = Debug|Any CPU
		{7063E766-6F73-412A-B7AC-D6DB8A9EE27E}.Debug|Any CPU.Build.0 = Debug|Any CPU
		{7063E766-6F73-412A-B7AC-D6DB8A9EE27E}.Release|Any CPU.ActiveCfg = Release|Any CPU
		{7063E766-6F73-412A-B7AC-D6DB8A9EE27E}.Release|Any CPU.Build.0 = Release|Any CPU
		{36C1E5DC-592F-47F0-B98C-2F65EA2B7393}.Debug|Any CPU.ActiveCfg = Debug|Any CPU
		{36C1E5DC-592F-47F0-B98C-2F65EA2B7393}.Debug|Any CPU.Build.0 = Debug|Any CPU
		{36C1E5DC-592F-47F0-B98C-2F65EA2B7393}.Release|Any CPU.ActiveCfg = Release|Any CPU
		{36C1E5DC-592F-47F0-B98C-2F65EA2B7393}.Release|Any CPU.Build.0 = Release|Any CPU
		{FF07A3DF-782D-425F-9055-FBC9836CE71F}.Debug|Any CPU.ActiveCfg = Debug|Any CPU
		{FF07A3DF-782D-425F-9055-FBC9836CE71F}.Debug|Any CPU.Build.0 = Debug|Any CPU
		{FF07A3DF-782D-425F-9055-FBC9836CE71F}.Release|Any CPU.ActiveCfg = Release|Any CPU
		{FF07A3DF-782D-425F-9055-FBC9836CE71F}.Release|Any CPU.Build.0 = Release|Any CPU
		{371A56DA-FE04-4A91-9D49-1C65772A3E87}.Debug|Any CPU.ActiveCfg = Debug|Any CPU
		{371A56DA-FE04-4A91-9D49-1C65772A3E87}.Debug|Any CPU.Build.0 = Debug|Any CPU
		{371A56DA-FE04-4A91-9D49-1C65772A3E87}.Release|Any CPU.ActiveCfg = Release|Any CPU
		{371A56DA-FE04-4A91-9D49-1C65772A3E87}.Release|Any CPU.Build.0 = Release|Any CPU
		{8D294489-E874-40D7-AF18-CE6AA94FE3E9}.Debug|Any CPU.ActiveCfg = Debug|Any CPU
		{8D294489-E874-40D7-AF18-CE6AA94FE3E9}.Debug|Any CPU.Build.0 = Debug|Any CPU
		{8D294489-E874-40D7-AF18-CE6AA94FE3E9}.Release|Any CPU.ActiveCfg = Release|Any CPU
		{8D294489-E874-40D7-AF18-CE6AA94FE3E9}.Release|Any CPU.Build.0 = Release|Any CPU
		{3D437D1E-01E8-4D24-8D96-1F91D0495D48}.Debug|Any CPU.ActiveCfg = Debug|Any CPU
		{3D437D1E-01E8-4D24-8D96-1F91D0495D48}.Debug|Any CPU.Build.0 = Debug|Any CPU
		{3D437D1E-01E8-4D24-8D96-1F91D0495D48}.Release|Any CPU.ActiveCfg = Release|Any CPU
		{3D437D1E-01E8-4D24-8D96-1F91D0495D48}.Release|Any CPU.Build.0 = Release|Any CPU
		{987D9E60-A818-4D16-81BF-7489F873A39F}.Debug|Any CPU.ActiveCfg = Debug|Any CPU
		{987D9E60-A818-4D16-81BF-7489F873A39F}.Debug|Any CPU.Build.0 = Debug|Any CPU
		{987D9E60-A818-4D16-81BF-7489F873A39F}.Release|Any CPU.ActiveCfg = Release|Any CPU
		{987D9E60-A818-4D16-81BF-7489F873A39F}.Release|Any CPU.Build.0 = Release|Any CPU
		{C7AC2F92-D8DE-47A2-8AE6-75539777CF11}.Debug|Any CPU.ActiveCfg = Debug|Any CPU
		{C7AC2F92-D8DE-47A2-8AE6-75539777CF11}.Debug|Any CPU.Build.0 = Debug|Any CPU
		{C7AC2F92-D8DE-47A2-8AE6-75539777CF11}.Release|Any CPU.ActiveCfg = Release|Any CPU
		{C7AC2F92-D8DE-47A2-8AE6-75539777CF11}.Release|Any CPU.Build.0 = Release|Any CPU
		{3E732C3E-A75A-4F06-8908-3367578F7D94}.Debug|Any CPU.ActiveCfg = Debug|Any CPU
		{3E732C3E-A75A-4F06-8908-3367578F7D94}.Debug|Any CPU.Build.0 = Debug|Any CPU
		{3E732C3E-A75A-4F06-8908-3367578F7D94}.Release|Any CPU.ActiveCfg = Release|Any CPU
		{3E732C3E-A75A-4F06-8908-3367578F7D94}.Release|Any CPU.Build.0 = Release|Any CPU
		{056EB1F8-82BF-4E9A-AAD5-67E0F826E9EC}.Debug|Any CPU.ActiveCfg = Debug|Any CPU
		{056EB1F8-82BF-4E9A-AAD5-67E0F826E9EC}.Debug|Any CPU.Build.0 = Debug|Any CPU
		{056EB1F8-82BF-4E9A-AAD5-67E0F826E9EC}.Release|Any CPU.ActiveCfg = Release|Any CPU
		{056EB1F8-82BF-4E9A-AAD5-67E0F826E9EC}.Release|Any CPU.Build.0 = Release|Any CPU
		{EEBA32C9-8B6C-4723-8BBE-A5BCFD5D1400}.Debug|Any CPU.ActiveCfg = Debug|Any CPU
		{EEBA32C9-8B6C-4723-8BBE-A5BCFD5D1400}.Debug|Any CPU.Build.0 = Debug|Any CPU
		{EEBA32C9-8B6C-4723-8BBE-A5BCFD5D1400}.Release|Any CPU.ActiveCfg = Release|Any CPU
		{EEBA32C9-8B6C-4723-8BBE-A5BCFD5D1400}.Release|Any CPU.Build.0 = Release|Any CPU
		{0635B5C2-007C-4B5E-B096-040A3C060CB0}.Debug|Any CPU.ActiveCfg = Debug|Any CPU
		{0635B5C2-007C-4B5E-B096-040A3C060CB0}.Debug|Any CPU.Build.0 = Debug|Any CPU
		{0635B5C2-007C-4B5E-B096-040A3C060CB0}.Release|Any CPU.ActiveCfg = Release|Any CPU
		{0635B5C2-007C-4B5E-B096-040A3C060CB0}.Release|Any CPU.Build.0 = Release|Any CPU
		{D9875924-6702-4EA1-8CDD-76BE7A9AD724}.Debug|Any CPU.ActiveCfg = Debug|Any CPU
		{D9875924-6702-4EA1-8CDD-76BE7A9AD724}.Debug|Any CPU.Build.0 = Debug|Any CPU
		{D9875924-6702-4EA1-8CDD-76BE7A9AD724}.Release|Any CPU.ActiveCfg = Release|Any CPU
		{D9875924-6702-4EA1-8CDD-76BE7A9AD724}.Release|Any CPU.Build.0 = Release|Any CPU
		{CB7058CC-C23A-4C1D-B318-4209C3D35CF0}.Debug|Any CPU.ActiveCfg = Debug|Any CPU
		{CB7058CC-C23A-4C1D-B318-4209C3D35CF0}.Debug|Any CPU.Build.0 = Debug|Any CPU
		{CB7058CC-C23A-4C1D-B318-4209C3D35CF0}.Release|Any CPU.ActiveCfg = Release|Any CPU
		{CB7058CC-C23A-4C1D-B318-4209C3D35CF0}.Release|Any CPU.Build.0 = Release|Any CPU
		{C3257E74-3990-4D69-A388-99937F52089A}.Debug|Any CPU.ActiveCfg = Debug|Any CPU
		{C3257E74-3990-4D69-A388-99937F52089A}.Debug|Any CPU.Build.0 = Debug|Any CPU
		{C3257E74-3990-4D69-A388-99937F52089A}.Release|Any CPU.ActiveCfg = Release|Any CPU
		{C3257E74-3990-4D69-A388-99937F52089A}.Release|Any CPU.Build.0 = Release|Any CPU
	EndGlobalSection
	GlobalSection(SolutionProperties) = preSolution
		HideSolutionNode = FALSE
	EndGlobalSection
	GlobalSection(NestedProjects) = preSolution
		{5B489656-144B-4C26-80CA-DE4A6170432C} = {69944263-AF01-460F-B70B-6815DC09F542}
		{BDC4EAA2-A045-413B-8F6F-4DED4A63D4A7} = {69944263-AF01-460F-B70B-6815DC09F542}
		{9E2C2324-25B9-42D8-977A-F22EEDD86142} = {69944263-AF01-460F-B70B-6815DC09F542}
		{C6744D1D-BC1D-41B9-9B3E-88E828099CCE} = {2EC22CB7-FE81-4B68-9CE7-FE1DF10B332F}
		{5FC5916B-06B0-40B6-8B1C-9F088F60354A} = {08DA6A08-003A-449C-9099-F7BEA47861C0}
		{DFF792A2-6E3A-455C-9D0E-B3B9DD65EC00} = {08DA6A08-003A-449C-9099-F7BEA47861C0}
		{3FD94743-6931-44CE-B569-41007078AB65} = {18BEC41E-16CA-401F-8FD3-0286BCCDAC3E}
		{0E469342-957F-4000-8346-6530D6B237E6} = {B45C379A-34CD-4260-8811-E71BD6613C53}
		{EC4F225F-D7B4-424E-8D1D-6114AAE1212E} = {B45C379A-34CD-4260-8811-E71BD6613C53}
		{459E7719-F027-4E46-8EEF-9223988963F4} = {C096AEEE-D9D8-440A-8043-4068F6BCF98D}
		{FE9E40F4-5F99-4B2B-88D8-7C911B5068D7} = {C096AEEE-D9D8-440A-8043-4068F6BCF98D}
		{963E95B8-2A97-4F13-AD12-6DCEBD1D55D4} = {C096AEEE-D9D8-440A-8043-4068F6BCF98D}
		{2A4A6C24-01BC-4583-8455-7DC7906E6BA2} = {8EC8B2F8-620D-42F8-B216-EEA53B360C97}
		{2621C99C-DEB8-4935-A456-0084C850828C} = {8EC8B2F8-620D-42F8-B216-EEA53B360C97}
		{5006EAEC-346E-4906-BA27-1384B9272BB3} = {8EC8B2F8-620D-42F8-B216-EEA53B360C97}
		{BFD0C03D-A142-468C-841A-FCB87F93FDFF} = {8EC8B2F8-620D-42F8-B216-EEA53B360C97}
		{DE8F09DB-C36F-4DC3-B28B-6B8996965307} = {8EC8B2F8-620D-42F8-B216-EEA53B360C97}
		{BD416F91-2C2F-4E40-9359-F8C3D01546C1} = {E32B89A3-EC33-4FE2-99E9-B4BB42A3E352}
		{9F7A3E32-BBD1-4426-B057-95C3DAA2857A} = {BD416F91-2C2F-4E40-9359-F8C3D01546C1}
		{65EAD950-B4FB-432F-BB8B-3B9F97700553} = {BD416F91-2C2F-4E40-9359-F8C3D01546C1}
		{F9492D64-3C56-4678-BC63-2A1B6FA74257} = {BD416F91-2C2F-4E40-9359-F8C3D01546C1}
		{BE90355D-230F-408D-8810-EF184CBA4F86} = {E32B89A3-EC33-4FE2-99E9-B4BB42A3E352}
		{B4858A93-B25B-43CF-9C32-AEA110F371BF} = {BE90355D-230F-408D-8810-EF184CBA4F86}
		{F7438F1B-9043-41DA-8BFB-3FEB1F5F2937} = {BE90355D-230F-408D-8810-EF184CBA4F86}
		{7063E766-6F73-412A-B7AC-D6DB8A9EE27E} = {BE90355D-230F-408D-8810-EF184CBA4F86}
		{36C1E5DC-592F-47F0-B98C-2F65EA2B7393} = {BE90355D-230F-408D-8810-EF184CBA4F86}
		{FF07A3DF-782D-425F-9055-FBC9836CE71F} = {BE90355D-230F-408D-8810-EF184CBA4F86}
		{371A56DA-FE04-4A91-9D49-1C65772A3E87} = {F45DC3FA-27B1-4534-B8CA-E84EDD3B134B}
		{8D294489-E874-40D7-AF18-CE6AA94FE3E9} = {D607523F-DBAF-4545-88C3-706748EF7B93}
		{3D437D1E-01E8-4D24-8D96-1F91D0495D48} = {209660A2-2BD1-4716-8B33-AF9384341593}
		{987D9E60-A818-4D16-81BF-7489F873A39F} = {209660A2-2BD1-4716-8B33-AF9384341593}
		{C7AC2F92-D8DE-47A2-8AE6-75539777CF11} = {209660A2-2BD1-4716-8B33-AF9384341593}
		{3E732C3E-A75A-4F06-8908-3367578F7D94} = {209660A2-2BD1-4716-8B33-AF9384341593}
		{056EB1F8-82BF-4E9A-AAD5-67E0F826E9EC} = {209660A2-2BD1-4716-8B33-AF9384341593}
		{EEBA32C9-8B6C-4723-8BBE-A5BCFD5D1400} = {209660A2-2BD1-4716-8B33-AF9384341593}
		{0635B5C2-007C-4B5E-B096-040A3C060CB0} = {209660A2-2BD1-4716-8B33-AF9384341593}
		{D9875924-6702-4EA1-8CDD-76BE7A9AD724} = {209660A2-2BD1-4716-8B33-AF9384341593}
		{D91E1C25-482B-4EC7-B382-C925771A2A05} = {E32B89A3-EC33-4FE2-99E9-B4BB42A3E352}
		{CB7058CC-C23A-4C1D-B318-4209C3D35CF0} = {D91E1C25-482B-4EC7-B382-C925771A2A05}
		{C3257E74-3990-4D69-A388-99937F52089A} = {209660A2-2BD1-4716-8B33-AF9384341593}
	EndGlobalSection
	GlobalSection(ExtensibilityGlobals) = postSolution
		SolutionGuid = {76872F29-94B1-4BD1-B723-B3150CFCE975}
	EndGlobalSection
EndGlobal
