
Microsoft Visual Studio Solution File, Format Version 12.00
# Visual Studio Version 17
VisualStudioVersion = 17.0.31903.59
MinimumVisualStudioVersion = 10.0.40219.1
Project("{2150E333-8FDC-42A3-9474-1A3956D46DE8}") = "Dapr", "Dapr", "{47016E42-A4B3-1F9A-4217-340DC71DAA7C}"
EndProject
Project("{FAE04EC0-301F-11D3-BF4B-00C04F79EFBC}") = "Actors", "Dapr\Actors\Actors.csproj", "{5110A889-8D04-490D-8BDB-B1D3CB167994}"
EndProject
Project("{FAE04EC0-301F-11D3-BF4B-00C04F79EFBC}") = "Config", "Dapr\Config\Config.csproj", "{32DC079A-029C-4C23-BA87-FDC0F451C67F}"
EndProject
Project("{FAE04EC0-301F-11D3-BF4B-00C04F79EFBC}") = "Tools", "Dapr\Tools\Tools.csproj", "{1B97D9D7-45C1-4398-87C6-F8141B1D88E4}"
EndProject
Global
	GlobalSection(SolutionConfigurationPlatforms) = preSolution
		Debug|Any CPU = Debug|Any CPU
		Debug|x64 = Debug|x64
		Debug|x86 = Debug|x86
		Release|Any CPU = Release|Any CPU
		Release|x64 = Release|x64
		Release|x86 = Release|x86
	EndGlobalSection
	GlobalSection(ProjectConfigurationPlatforms) = postSolution
		{5110A889-8D04-490D-8BDB-B1D3CB167994}.Debug|Any CPU.ActiveCfg = Debug|Any CPU
		{5110A889-8D04-490D-8BDB-B1D3CB167994}.Debug|Any CPU.Build.0 = Debug|Any CPU
		{5110A889-8D04-490D-8BDB-B1D3CB167994}.Debug|x64.ActiveCfg = Debug|Any CPU
		{5110A889-8D04-490D-8BDB-B1D3CB167994}.Debug|x64.Build.0 = Debug|Any CPU
		{5110A889-8D04-490D-8BDB-B1D3CB167994}.Debug|x86.ActiveCfg = Debug|Any CPU
		{5110A889-8D04-490D-8BDB-B1D3CB167994}.Debug|x86.Build.0 = Debug|Any CPU
		{5110A889-8D04-490D-8BDB-B1D3CB167994}.Release|Any CPU.ActiveCfg = Release|Any CPU
		{5110A889-8D04-490D-8BDB-B1D3CB167994}.Release|Any CPU.Build.0 = Release|Any CPU
		{5110A889-8D04-490D-8BDB-B1D3CB167994}.Release|x64.ActiveCfg = Release|Any CPU
		{5110A889-8D04-490D-8BDB-B1D3CB167994}.Release|x64.Build.0 = Release|Any CPU
		{5110A889-8D04-490D-8BDB-B1D3CB167994}.Release|x86.ActiveCfg = Release|Any CPU
		{5110A889-8D04-490D-8BDB-B1D3CB167994}.Release|x86.Build.0 = Release|Any CPU
		{32DC079A-029C-4C23-BA87-FDC0F451C67F}.Debug|Any CPU.ActiveCfg = Debug|Any CPU
		{32DC079A-029C-4C23-BA87-FDC0F451C67F}.Debug|Any CPU.Build.0 = Debug|Any CPU
		{32DC079A-029C-4C23-BA87-FDC0F451C67F}.Debug|x64.ActiveCfg = Debug|Any CPU
		{32DC079A-029C-4C23-BA87-FDC0F451C67F}.Debug|x64.Build.0 = Debug|Any CPU
		{32DC079A-029C-4C23-BA87-FDC0F451C67F}.Debug|x86.ActiveCfg = Debug|Any CPU
		{32DC079A-029C-4C23-BA87-FDC0F451C67F}.Debug|x86.Build.0 = Debug|Any CPU
		{32DC079A-029C-4C23-BA87-FDC0F451C67F}.Release|Any CPU.ActiveCfg = Release|Any CPU
		{32DC079A-029C-4C23-BA87-FDC0F451C67F}.Release|Any CPU.Build.0 = Release|Any CPU
		{32DC079A-029C-4C23-BA87-FDC0F451C67F}.Release|x64.ActiveCfg = Release|Any CPU
		{32DC079A-029C-4C23-BA87-FDC0F451C67F}.Release|x64.Build.0 = Release|Any CPU
		{32DC079A-029C-4C23-BA87-FDC0F451C67F}.Release|x86.ActiveCfg = Release|Any CPU
		{32DC079A-029C-4C23-BA87-FDC0F451C67F}.Release|x86.Build.0 = Release|Any CPU
		{1B97D9D7-45C1-4398-87C6-F8141B1D88E4}.Debug|Any CPU.ActiveCfg = Debug|Any CPU
		{1B97D9D7-45C1-4398-87C6-F8141B1D88E4}.Debug|Any CPU.Build.0 = Debug|Any CPU
		{1B97D9D7-45C1-4398-87C6-F8141B1D88E4}.Debug|x64.ActiveCfg = Debug|Any CPU
		{1B97D9D7-45C1-4398-87C6-F8141B1D88E4}.Debug|x64.Build.0 = Debug|Any CPU
		{1B97D9D7-45C1-4398-87C6-F8141B1D88E4}.Debug|x86.ActiveCfg = Debug|Any CPU
		{1B97D9D7-45C1-4398-87C6-F8141B1D88E4}.Debug|x86.Build.0 = Debug|Any CPU
		{1B97D9D7-45C1-4398-87C6-F8141B1D88E4}.Release|Any CPU.ActiveCfg = Release|Any CPU
		{1B97D9D7-45C1-4398-87C6-F8141B1D88E4}.Release|Any CPU.Build.0 = Release|Any CPU
		{1B97D9D7-45C1-4398-87C6-F8141B1D88E4}.Release|x64.ActiveCfg = Release|Any CPU
		{1B97D9D7-45C1-4398-87C6-F8141B1D88E4}.Release|x64.Build.0 = Release|Any CPU
		{1B97D9D7-45C1-4398-87C6-F8141B1D88E4}.Release|x86.ActiveCfg = Release|Any CPU
		{1B97D9D7-45C1-4398-87C6-F8141B1D88E4}.Release|x86.Build.0 = Release|Any CPU
	EndGlobalSection
	GlobalSection(SolutionProperties) = preSolution
		HideSolutionNode = FALSE
	EndGlobalSection
	GlobalSection(NestedProjects) = preSolution
		{5110A889-8D04-490D-8BDB-B1D3CB167994} = {47016E42-A4B3-1F9A-4217-340DC71DAA7C}
		{32DC079A-029C-4C23-BA87-FDC0F451C67F} = {47016E42-A4B3-1F9A-4217-340DC71DAA7C}
		{1B97D9D7-45C1-4398-87C6-F8141B1D88E4} = {47016E42-A4B3-1F9A-4217-340DC71DAA7C}
	EndGlobalSection
EndGlobal
